
Microsoft Visual Studio Solution File, Format Version 12.00
# Visual Studio Version 16
VisualStudioVersion = 16.0.31321.278
MinimumVisualStudioVersion = 10.0.40219.1
Project("{8BC9CEB8-8B4A-11D0-8D11-00A0C91BC942}") = "PerlinNoiseTest", "PerlinNoiseTest\PerlinNoiseTest.vcxproj", "{A4D8BD06-5261-46DF-9043-26A45C6674EA}"
	ProjectSection(ProjectDependencies) = postProject
		{A07C1C47-83EC-4086-84E1-05896F6DDFC4} = {A07C1C47-83EC-4086-84E1-05896F6DDFC4}
		{19E5ABF8-3CBC-4747-9229-F2E5939312E8} = {19E5ABF8-3CBC-4747-9229-F2E5939312E8}
	EndProjectSection
EndProject
Project("{8BC9CEB8-8B4A-11D0-8D11-00A0C91BC942}") = "PerlinNoiseTestDLLcpp", "PerlinNoiseTestDLLcpp\PerlinNoiseTestDLLcpp.vcxproj", "{19E5ABF8-3CBC-4747-9229-F2E5939312E8}"
EndProject
Project("{8BC9CEB8-8B4A-11D0-8D11-00A0C91BC942}") = "Dll1", "Dll1\Dll1.vcxproj", "{A07C1C47-83EC-4086-84E1-05896F6DDFC4}"
EndProject
Global
	GlobalSection(SolutionConfigurationPlatforms) = preSolution
		Debug|x64 = Debug|x64
		Debug|x86 = Debug|x86
		Release|x64 = Release|x64
		Release|x86 = Release|x86
	EndGlobalSection
	GlobalSection(ProjectConfigurationPlatforms) = postSolution
		{A4D8BD06-5261-46DF-9043-26A45C6674EA}.Debug|x64.ActiveCfg = Debug|x64
		{A4D8BD06-5261-46DF-9043-26A45C6674EA}.Debug|x64.Build.0 = Debug|x64
		{A4D8BD06-5261-46DF-9043-26A45C6674EA}.Debug|x86.ActiveCfg = Debug|Win32
		{A4D8BD06-5261-46DF-9043-26A45C6674EA}.Debug|x86.Build.0 = Debug|Win32
		{A4D8BD06-5261-46DF-9043-26A45C6674EA}.Release|x64.ActiveCfg = Release|x64
		{A4D8BD06-5261-46DF-9043-26A45C6674EA}.Release|x64.Build.0 = Release|x64
		{A4D8BD06-5261-46DF-9043-26A45C6674EA}.Release|x86.ActiveCfg = Release|Win32
		{A4D8BD06-5261-46DF-9043-26A45C6674EA}.Release|x86.Build.0 = Release|Win32
		{19E5ABF8-3CBC-4747-9229-F2E5939312E8}.Debug|x64.ActiveCfg = Debug|x64
		{19E5ABF8-3CBC-4747-9229-F2E5939312E8}.Debug|x64.Build.0 = Debug|x64
		{19E5ABF8-3CBC-4747-9229-F2E5939312E8}.Debug|x86.ActiveCfg = Debug|Win32
		{19E5ABF8-3CBC-4747-9229-F2E5939312E8}.Debug|x86.Build.0 = Debug|Win32
		{19E5ABF8-3CBC-4747-9229-F2E5939312E8}.Release|x64.ActiveCfg = Release|x64
		{19E5ABF8-3CBC-4747-9229-F2E5939312E8}.Release|x64.Build.0 = Release|x64
		{19E5ABF8-3CBC-4747-9229-F2E5939312E8}.Release|x86.ActiveCfg = Release|Win32
		{19E5ABF8-3CBC-4747-9229-F2E5939312E8}.Release|x86.Build.0 = Release|Win32
		{A07C1C47-83EC-4086-84E1-05896F6DDFC4}.Debug|x64.ActiveCfg = Debug|x64
		{A07C1C47-83EC-4086-84E1-05896F6DDFC4}.Debug|x64.Build.0 = Debug|x64
		{A07C1C47-83EC-4086-84E1-05896F6DDFC4}.Debug|x86.ActiveCfg = Debug|Win32
		{A07C1C47-83EC-4086-84E1-05896F6DDFC4}.Debug|x86.Build.0 = Debug|Win32
		{A07C1C47-83EC-4086-84E1-05896F6DDFC4}.Release|x64.ActiveCfg = Release|x64
		{A07C1C47-83EC-4086-84E1-05896F6DDFC4}.Release|x64.Build.0 = Release|x64
		{A07C1C47-83EC-4086-84E1-05896F6DDFC4}.Release|x86.ActiveCfg = Release|Win32
		{A07C1C47-83EC-4086-84E1-05896F6DDFC4}.Release|x86.Build.0 = Release|Win32
	EndGlobalSection
	GlobalSection(SolutionProperties) = preSolution
		HideSolutionNode = FALSE
	EndGlobalSection
	GlobalSection(ExtensibilityGlobals) = postSolution
		SolutionGuid = {FC0AD4B8-7483-43B6-B5EB-70414AFFEFBA}
	EndGlobalSection
EndGlobal
