
Microsoft Visual Studio Solution File, Format Version 12.00
# Visual Studio Version 16
VisualStudioVersion = 16.0.31829.152
MinimumVisualStudioVersion = 10.0.40219.1
Project("{8BC9CEB8-8B4A-11D0-8D11-00A0C91BC942}") = "Perlin-Noise", "Perlin-Noise\Perlin-Noise.vcxproj", "{C2B7E8A4-A64C-4D45-BD7F-D7467F44748D}"
	ProjectSection(ProjectDependencies) = postProject
		{16158B09-41E1-4100-9FBB-E589D6EC6A3A} = {16158B09-41E1-4100-9FBB-E589D6EC6A3A}
		{A07C1C47-83EC-4086-84E1-05896F6DDFC4} = {A07C1C47-83EC-4086-84E1-05896F6DDFC4}
	EndProjectSection
EndProject
Project("{8BC9CEB8-8B4A-11D0-8D11-00A0C91BC942}") = "JACpp", "JACpp\JACpp.vcxproj", "{16158B09-41E1-4100-9FBB-E589D6EC6A3A}"
EndProject
Project("{8BC9CEB8-8B4A-11D0-8D11-00A0C91BC942}") = "JAAsm", "JAAsm\Dll1.vcxproj", "{A07C1C47-83EC-4086-84E1-05896F6DDFC4}"
EndProject
Global
	GlobalSection(SolutionConfigurationPlatforms) = preSolution
		Debug|x64 = Debug|x64
		Debug|x86 = Debug|x86
		Release|x64 = Release|x64
		Release|x86 = Release|x86
	EndGlobalSection
	GlobalSection(ProjectConfigurationPlatforms) = postSolution
		{C2B7E8A4-A64C-4D45-BD7F-D7467F44748D}.Debug|x64.ActiveCfg = Debug|x64
		{C2B7E8A4-A64C-4D45-BD7F-D7467F44748D}.Debug|x64.Build.0 = Debug|x64
		{C2B7E8A4-A64C-4D45-BD7F-D7467F44748D}.Debug|x86.ActiveCfg = Debug|x64
		{C2B7E8A4-A64C-4D45-BD7F-D7467F44748D}.Debug|x86.Build.0 = Debug|x64
		{C2B7E8A4-A64C-4D45-BD7F-D7467F44748D}.Release|x64.ActiveCfg = Release|x64
		{C2B7E8A4-A64C-4D45-BD7F-D7467F44748D}.Release|x64.Build.0 = Release|x64
		{C2B7E8A4-A64C-4D45-BD7F-D7467F44748D}.Release|x86.ActiveCfg = Release|x64
		{C2B7E8A4-A64C-4D45-BD7F-D7467F44748D}.Release|x86.Build.0 = Release|x64
		{16158B09-41E1-4100-9FBB-E589D6EC6A3A}.Debug|x64.ActiveCfg = Debug|x64
		{16158B09-41E1-4100-9FBB-E589D6EC6A3A}.Debug|x64.Build.0 = Debug|x64
		{16158B09-41E1-4100-9FBB-E589D6EC6A3A}.Debug|x86.ActiveCfg = Debug|Win32
		{16158B09-41E1-4100-9FBB-E589D6EC6A3A}.Debug|x86.Build.0 = Debug|Win32
		{16158B09-41E1-4100-9FBB-E589D6EC6A3A}.Release|x64.ActiveCfg = Release|x64
		{16158B09-41E1-4100-9FBB-E589D6EC6A3A}.Release|x64.Build.0 = Release|x64
		{16158B09-41E1-4100-9FBB-E589D6EC6A3A}.Release|x86.ActiveCfg = Release|Win32
		{16158B09-41E1-4100-9FBB-E589D6EC6A3A}.Release|x86.Build.0 = Release|Win32
		{A07C1C47-83EC-4086-84E1-05896F6DDFC4}.Debug|x64.ActiveCfg = Debug|x64
		{A07C1C47-83EC-4086-84E1-05896F6DDFC4}.Debug|x64.Build.0 = Debug|x64
		{A07C1C47-83EC-4086-84E1-05896F6DDFC4}.Debug|x86.ActiveCfg = Debug|Win32
		{A07C1C47-83EC-4086-84E1-05896F6DDFC4}.Debug|x86.Build.0 = Debug|Win32
		{A07C1C47-83EC-4086-84E1-05896F6DDFC4}.Release|x64.ActiveCfg = Release|x64
		{A07C1C47-83EC-4086-84E1-05896F6DDFC4}.Release|x64.Build.0 = Release|x64
		{A07C1C47-83EC-4086-84E1-05896F6DDFC4}.Release|x86.ActiveCfg = Release|Win32
		{A07C1C47-83EC-4086-84E1-05896F6DDFC4}.Release|x86.Build.0 = Release|Win32
	EndGlobalSection
	GlobalSection(SolutionProperties) = preSolution
		HideSolutionNode = FALSE
	EndGlobalSection
	GlobalSection(ExtensibilityGlobals) = postSolution
		SolutionGuid = {78D190DA-54E7-4C1A-9C9C-42D3B5A0235E}
	EndGlobalSection
EndGlobal
